lockfileVersion: '9.0'

settings:
  autoInstallPeers: true
  excludeLinksFromLockfile: false

importers:

  .:
    dependencies:
      '@prisma/client':
        specifier: 4.8.1
        version: 4.8.1(prisma@4.8.1)
    devDependencies:
      '@prisma/cli':
        specifier: ^2.20.1
        version: 2.20.1

packages:

  '@prisma/cli@2.20.1':
    resolution: {integrity: sha512-/yrNDyNXLETPre/pgXG/L9zER2nINiq+Eq8pALSCApiHZBW1QrksxL9fbbxaseoW6HBs0T4UQWemu378O2mUOw==}
    engines: {node: '>=10.4'}
    deprecated: 'Prisma CLI package was renamed to ''prisma''. Check it out here: https://www.npmjs.com/package/prisma'
    hasBin: true

  '@prisma/client@4.8.1':
    resolution: {integrity: sha512-d4xhZhETmeXK/yZ7K0KcVOzEfI5YKGGEr4F5SBV04/MU4ncN/HcE28sy3e4Yt8UFW0ZuImKFQJE+9rWt9WbGSQ==}
    engines: {node: '>=14.17'}
    peerDependencies:
      prisma: '*'
    peerDependenciesMeta:
      prisma:
        optional: true

  '@prisma/engines-version@4.8.0-61.d6e67a83f971b175a593ccc12e15c4a757f93ffe':
    resolution: {integrity: sha512-MHSOSexomRMom8QN4t7bu87wPPD+pa+hW9+71JnVcF3DqyyO/ycCLhRL1we3EojRpZxKvuyGho2REQsMCvxcJw==}

  '@prisma/engines@2.20.0-26.60ba6551f29b17d7d6ce479e5733c70d9c00860e':
    resolution: {integrity: sha512-zOWETm7DTRvlwf/CekPNSeJe6EC5bn2IFexd74wM9zgBXCZo+1sMDuNGtCqIt4Rzv8CcimEgyzrEFVq0LPV8qg==}

  '@prisma/engines@4.8.1':
    resolution: {integrity: sha512-93tctjNXcIS+i/e552IO6tqw17sX8liivv8WX9lDMCpEEe3ci+nT9F+1oHtAafqruXLepKF80i/D20Mm+ESlOw==}

  prisma@4.8.1:
    resolution: {integrity: sha512-ZMLnSjwulIeYfaU1O6/LF6PEJzxN5par5weykxMykS9Z6ara/j76JH3Yo2AH3bgJbPN4Z6NeCK9s5fDkzf33cg==}
    engines: {node: '>=14.17'}
    hasBin: true

snapshots:

  '@prisma/cli@2.20.1':
    dependencies:
      '@prisma/engines': 2.20.0-26.60ba6551f29b17d7d6ce479e5733c70d9c00860e

  '@prisma/client@4.8.1(prisma@4.8.1)':
    dependencies:
      '@prisma/engines-version': 4.8.0-61.d6e67a83f971b175a593ccc12e15c4a757f93ffe
    optionalDependencies:
      prisma: 4.8.1

  '@prisma/engines-version@4.8.0-61.d6e67a83f971b175a593ccc12e15c4a757f93ffe': {}

  '@prisma/engines@2.20.0-26.60ba6551f29b17d7d6ce479e5733c70d9c00860e': {}

  '@prisma/engines@4.8.1':
    optional: true

  prisma@4.8.1:
    dependencies:
      '@prisma/engines': 4.8.1
    optional: true
